
Microsoft Visual Studio Solution File, Format Version 12.00
# Visual Studio Version 17
VisualStudioVersion = 17.0.32112.339
MinimumVisualStudioVersion = 10.0.40219.1
Project("{2150E333-8FDC-42A3-9474-1A3956D46DE8}") = "Build", "Build", "{9F9F5BEE-A142-4C15-92BA-B8CD7967503D}"
	ProjectSection(SolutionItems) = preProject
		.gitignore = .gitignore
		EgonsoftHU.NuspecProperties.targets = EgonsoftHU.NuspecProperties.targets
		LICENSE.md = LICENSE.md
		README.md = README.md
	EndProjectSection
EndProject
Global
	GlobalSection(SolutionProperties) = preSolution
		HideSolutionNode = FALSE
	EndGlobalSection
	GlobalSection(ExtensibilityGlobals) = postSolution
		SolutionGuid = {35CEE993-1499-4949-98CC-53DFBEBFB045}
	EndGlobalSection
EndGlobal
